# This file is autogenerated, do not edit; changes may be undone by the next 'dep ensure'.


[[projects]]
  name = "github.com/gorilla/rpc"
  packages = [
    ".",
    "json"
  ]
  revision = "0c73c8cb75aa7921ae2f9aa08b1a12243edb6429"
  source = "github.com/vharish836/rpc"
  version = "v1.2.0"

[solve-meta]
  analyzer-name = "dep"
  analyzer-version = 1
  inputs-digest = "f519b1f2180c0b56e245b12508b430ba40403c9d51211650570b5e173b86b475"
  solver-name = "gps-cdcl"
  solver-version = 1
